
Microsoft Visual Studio Solution File, Format Version 12.00
# Visual Studio Version 17
VisualStudioVersion = 17.11.35219.272
MinimumVisualStudioVersion = 10.0.40219.1
Project("{FAE04EC0-301F-11D3-BF4B-00C04F79EFBC}") = "NhnLesson09", "NhnLesson09\NhnLesson09.csproj", "{18BC959D-694D-400B-AE8E-491CFD0595B4}"
EndProject
Global
	GlobalSection(SolutionConfigurationPlatforms) = preSolution
		Debug|Any CPU = Debug|Any CPU
		Release|Any CPU = Release|Any CPU
	EndGlobalSection
	GlobalSection(ProjectConfigurationPlatforms) = postSolution
		{18BC959D-694D-400B-AE8E-491CFD0595B4}.Debug|Any CPU.ActiveCfg = Debug|Any CPU
		{18BC959D-694D-400B-AE8E-491CFD0595B4}.Debug|Any CPU.Build.0 = Debug|Any CPU
		{18BC959D-694D-400B-AE8E-491CFD0595B4}.Release|Any CPU.ActiveCfg = Release|Any CPU
		{18BC959D-694D-400B-AE8E-491CFD0595B4}.Release|Any CPU.Build.0 = Release|Any CPU
	EndGlobalSection
	GlobalSection(SolutionProperties) = preSolution
		HideSolutionNode = FALSE
	EndGlobalSection
	GlobalSection(ExtensibilityGlobals) = postSolution
		SolutionGuid = {CCF443EC-FF82-4E81-B4C6-E10384CAA227}
	EndGlobalSection
EndGlobal
