
Microsoft Visual Studio Solution File, Format Version 12.00
# Visual Studio Version 17
VisualStudioVersion = 17.11.35219.272
MinimumVisualStudioVersion = 10.0.40219.1
Project("{FAE04EC0-301F-11D3-BF4B-00C04F79EFBC}") = "NetCoreMVCLAB5", "NetCoreMVCLAB5\NetCoreMVCLAB5.csproj", "{22F766B4-AE2F-40ED-9F1F-9E59F8EA82E5}"
EndProject
Global
	GlobalSection(SolutionConfigurationPlatforms) = preSolution
		Debug|Any CPU = Debug|Any CPU
		Release|Any CPU = Release|Any CPU
	EndGlobalSection
	GlobalSection(ProjectConfigurationPlatforms) = postSolution
		{22F766B4-AE2F-40ED-9F1F-9E59F8EA82E5}.Debug|Any CPU.ActiveCfg = Debug|Any CPU
		{22F766B4-AE2F-40ED-9F1F-9E59F8EA82E5}.Debug|Any CPU.Build.0 = Debug|Any CPU
		{22F766B4-AE2F-40ED-9F1F-9E59F8EA82E5}.Release|Any CPU.ActiveCfg = Release|Any CPU
		{22F766B4-AE2F-40ED-9F1F-9E59F8EA82E5}.Release|Any CPU.Build.0 = Release|Any CPU
	EndGlobalSection
	GlobalSection(SolutionProperties) = preSolution
		HideSolutionNode = FALSE
	EndGlobalSection
	GlobalSection(ExtensibilityGlobals) = postSolution
		SolutionGuid = {7C95758E-12A6-4956-9A98-A484DD979C1E}
	EndGlobalSection
EndGlobal
